
Microsoft Visual Studio Solution File, Format Version 12.00
# Visual Studio Version 16
VisualStudioVersion = 16.0.32106.194
MinimumVisualStudioVersion = 10.0.40219.1
Project("{FAE04EC0-301F-11D3-BF4B-00C04F79EFBC}") = "Maintain_Patient_Info", "Maintain_Patient_Info\Maintain_Patient_Info.csproj", "{110CAC8B-E5C9-4D95-83E9-A7FBB6766F13}"
EndProject
Global
	GlobalSection(SolutionConfigurationPlatforms) = preSolution
		Debug|Any CPU = Debug|Any CPU
		Release|Any CPU = Release|Any CPU
	EndGlobalSection
	GlobalSection(ProjectConfigurationPlatforms) = postSolution
		{110CAC8B-E5C9-4D95-83E9-A7FBB6766F13}.Debug|Any CPU.ActiveCfg = Debug|Any CPU
		{110CAC8B-E5C9-4D95-83E9-A7FBB6766F13}.Debug|Any CPU.Build.0 = Debug|Any CPU
		{110CAC8B-E5C9-4D95-83E9-A7FBB6766F13}.Release|Any CPU.ActiveCfg = Release|Any CPU
		{110CAC8B-E5C9-4D95-83E9-A7FBB6766F13}.Release|Any CPU.Build.0 = Release|Any CPU
	EndGlobalSection
	GlobalSection(SolutionProperties) = preSolution
		HideSolutionNode = FALSE
	EndGlobalSection
	GlobalSection(ExtensibilityGlobals) = postSolution
		SolutionGuid = {F944CC17-5772-4291-8C35-80C098BEC416}
	EndGlobalSection
EndGlobal
