
Microsoft Visual Studio Solution File, Format Version 12.00
# Visual Studio Version 17
VisualStudioVersion = 17.1.32210.238
MinimumVisualStudioVersion = 10.0.40219.1
Project("{FAE04EC0-301F-11D3-BF4B-00C04F79EFBC}") = "Hospital_Management_Services", "Hospital_Management_Services\Hospital_Management_Services.csproj", "{034B3337-44BC-47C1-91E4-2E9BB5A86C69}"
EndProject
Global
	GlobalSection(SolutionConfigurationPlatforms) = preSolution
		Debug|Any CPU = Debug|Any CPU
		Release|Any CPU = Release|Any CPU
	EndGlobalSection
	GlobalSection(ProjectConfigurationPlatforms) = postSolution
		{034B3337-44BC-47C1-91E4-2E9BB5A86C69}.Debug|Any CPU.ActiveCfg = Debug|Any CPU
		{034B3337-44BC-47C1-91E4-2E9BB5A86C69}.Debug|Any CPU.Build.0 = Debug|Any CPU
		{034B3337-44BC-47C1-91E4-2E9BB5A86C69}.Release|Any CPU.ActiveCfg = Release|Any CPU
		{034B3337-44BC-47C1-91E4-2E9BB5A86C69}.Release|Any CPU.Build.0 = Release|Any CPU
	EndGlobalSection
	GlobalSection(SolutionProperties) = preSolution
		HideSolutionNode = FALSE
	EndGlobalSection
	GlobalSection(ExtensibilityGlobals) = postSolution
		SolutionGuid = {E1B51B2A-FD36-4E82-B4DC-2916BAEF0C63}
	EndGlobalSection
EndGlobal
