
Microsoft Visual Studio Solution File, Format Version 12.00
# Visual Studio Version 16
VisualStudioVersion = 16.0.32106.194
MinimumVisualStudioVersion = 10.0.40219.1
Project("{9A19103F-16F7-4668-BE54-9A1E7A4F7556}") = "Hospital_Management_Services", "Hospital_Management_Services\Hospital_Management_Services.csproj", "{034B3337-44BC-47C1-91E4-2E9BB5A86C69}"
EndProject
Project("{2150E333-8FDC-42A3-9474-1A3956D46DE8}") = "source_code", "source_code", "{DDB143B5-1264-4F6A-9559-C4E95C8D9601}"
EndProject
Project("{FAE04EC0-301F-11D3-BF4B-00C04F79EFBC}") = "Hospital_Management_Services.Api", "Hospital_Management_Services.Api\Hospital_Management_Services.Api.csproj", "{35B3FD2B-C151-49F9-9516-F6FC07185BDC}"
EndProject
Project("{FAE04EC0-301F-11D3-BF4B-00C04F79EFBC}") = "Hospital_Management_Services.Inf", "Hospital_Management_Services.Inf\Hospital_Management_Services.Inf.csproj", "{347D73E8-2053-468B-B54D-3976C225D149}"
EndProject
Global
	GlobalSection(SolutionConfigurationPlatforms) = preSolution
		Debug|Any CPU = Debug|Any CPU
		Release|Any CPU = Release|Any CPU
	EndGlobalSection
	GlobalSection(ProjectConfigurationPlatforms) = postSolution
		{034B3337-44BC-47C1-91E4-2E9BB5A86C69}.Debug|Any CPU.ActiveCfg = Debug|Any CPU
		{034B3337-44BC-47C1-91E4-2E9BB5A86C69}.Debug|Any CPU.Build.0 = Debug|Any CPU
		{034B3337-44BC-47C1-91E4-2E9BB5A86C69}.Release|Any CPU.ActiveCfg = Release|Any CPU
		{034B3337-44BC-47C1-91E4-2E9BB5A86C69}.Release|Any CPU.Build.0 = Release|Any CPU
		{35B3FD2B-C151-49F9-9516-F6FC07185BDC}.Debug|Any CPU.ActiveCfg = Debug|Any CPU
		{35B3FD2B-C151-49F9-9516-F6FC07185BDC}.Debug|Any CPU.Build.0 = Debug|Any CPU
		{35B3FD2B-C151-49F9-9516-F6FC07185BDC}.Release|Any CPU.ActiveCfg = Release|Any CPU
		{35B3FD2B-C151-49F9-9516-F6FC07185BDC}.Release|Any CPU.Build.0 = Release|Any CPU
		{347D73E8-2053-468B-B54D-3976C225D149}.Debug|Any CPU.ActiveCfg = Debug|Any CPU
		{347D73E8-2053-468B-B54D-3976C225D149}.Debug|Any CPU.Build.0 = Debug|Any CPU
		{347D73E8-2053-468B-B54D-3976C225D149}.Release|Any CPU.ActiveCfg = Release|Any CPU
		{347D73E8-2053-468B-B54D-3976C225D149}.Release|Any CPU.Build.0 = Release|Any CPU
	EndGlobalSection
	GlobalSection(SolutionProperties) = preSolution
		HideSolutionNode = FALSE
	EndGlobalSection
	GlobalSection(ExtensibilityGlobals) = postSolution
		SolutionGuid = {E1B51B2A-FD36-4E82-B4DC-2916BAEF0C63}
	EndGlobalSection
EndGlobal
