
Microsoft Visual Studio Solution File, Format Version 12.00
# Visual Studio Version 17
VisualStudioVersion = 17.1.32210.238
MinimumVisualStudioVersion = 10.0.40219.1
Project("{FAE04EC0-301F-11D3-BF4B-00C04F79EFBC}") = "Admin", "Admin\Admin.csproj", "{C924A966-953E-4FD9-8561-E3B3DBE8F358}"
EndProject
Global
	GlobalSection(SolutionConfigurationPlatforms) = preSolution
		Debug|Any CPU = Debug|Any CPU
		Release|Any CPU = Release|Any CPU
	EndGlobalSection
	GlobalSection(ProjectConfigurationPlatforms) = postSolution
		{C924A966-953E-4FD9-8561-E3B3DBE8F358}.Debug|Any CPU.ActiveCfg = Debug|Any CPU
		{C924A966-953E-4FD9-8561-E3B3DBE8F358}.Debug|Any CPU.Build.0 = Debug|Any CPU
		{C924A966-953E-4FD9-8561-E3B3DBE8F358}.Release|Any CPU.ActiveCfg = Release|Any CPU
		{C924A966-953E-4FD9-8561-E3B3DBE8F358}.Release|Any CPU.Build.0 = Release|Any CPU
	EndGlobalSection
	GlobalSection(SolutionProperties) = preSolution
		HideSolutionNode = FALSE
	EndGlobalSection
	GlobalSection(ExtensibilityGlobals) = postSolution
		SolutionGuid = {F6321535-D2B4-49FE-8AAA-F7D0D5860B37}
	EndGlobalSection
EndGlobal
