
Microsoft Visual Studio Solution File, Format Version 12.00
# Visual Studio Version 17
VisualStudioVersion = 17.1.32210.238
MinimumVisualStudioVersion = 10.0.40219.1
Project("{FAE04EC0-301F-11D3-BF4B-00C04F79EFBC}") = "Docktor", "Docktor\Docktor.csproj", "{2A26F854-4403-4E0C-B3A2-A13291A75DA8}"
EndProject
Global
	GlobalSection(SolutionConfigurationPlatforms) = preSolution
		Debug|Any CPU = Debug|Any CPU
		Release|Any CPU = Release|Any CPU
	EndGlobalSection
	GlobalSection(ProjectConfigurationPlatforms) = postSolution
		{2A26F854-4403-4E0C-B3A2-A13291A75DA8}.Debug|Any CPU.ActiveCfg = Debug|Any CPU
		{2A26F854-4403-4E0C-B3A2-A13291A75DA8}.Debug|Any CPU.Build.0 = Debug|Any CPU
		{2A26F854-4403-4E0C-B3A2-A13291A75DA8}.Release|Any CPU.ActiveCfg = Release|Any CPU
		{2A26F854-4403-4E0C-B3A2-A13291A75DA8}.Release|Any CPU.Build.0 = Release|Any CPU
	EndGlobalSection
	GlobalSection(SolutionProperties) = preSolution
		HideSolutionNode = FALSE
	EndGlobalSection
	GlobalSection(ExtensibilityGlobals) = postSolution
		SolutionGuid = {1EBCF271-6B13-4930-B108-C4ACEB7BD65D}
	EndGlobalSection
EndGlobal
