
Microsoft Visual Studio Solution File, Format Version 12.00
# Visual Studio Version 16
VisualStudioVersion = 16.0.32106.194
MinimumVisualStudioVersion = 10.0.40219.1
Project("{9A19103F-16F7-4668-BE54-9A1E7A4F7556}") = "SecuringApplication", "SecuringApplication\SecuringApplication.csproj", "{58D97B0D-E4C3-4FA6-B3DD-50405892A72D}"
EndProject
Project("{FAE04EC0-301F-11D3-BF4B-00C04F79EFBC}") = "SecuringApplicationTesting", "SecuringApplicationTesting\SecuringApplicationTesting.csproj", "{A584C4D0-048C-4DFD-8B98-E0D35E21E2A0}"
EndProject
Global
	GlobalSection(SolutionConfigurationPlatforms) = preSolution
		Debug|Any CPU = Debug|Any CPU
		Release|Any CPU = Release|Any CPU
	EndGlobalSection
	GlobalSection(ProjectConfigurationPlatforms) = postSolution
		{58D97B0D-E4C3-4FA6-B3DD-50405892A72D}.Debug|Any CPU.ActiveCfg = Debug|Any CPU
		{58D97B0D-E4C3-4FA6-B3DD-50405892A72D}.Debug|Any CPU.Build.0 = Debug|Any CPU
		{58D97B0D-E4C3-4FA6-B3DD-50405892A72D}.Release|Any CPU.ActiveCfg = Release|Any CPU
		{58D97B0D-E4C3-4FA6-B3DD-50405892A72D}.Release|Any CPU.Build.0 = Release|Any CPU
		{A584C4D0-048C-4DFD-8B98-E0D35E21E2A0}.Debug|Any CPU.ActiveCfg = Debug|Any CPU
		{A584C4D0-048C-4DFD-8B98-E0D35E21E2A0}.Debug|Any CPU.Build.0 = Debug|Any CPU
		{A584C4D0-048C-4DFD-8B98-E0D35E21E2A0}.Release|Any CPU.ActiveCfg = Release|Any CPU
		{A584C4D0-048C-4DFD-8B98-E0D35E21E2A0}.Release|Any CPU.Build.0 = Release|Any CPU
	EndGlobalSection
	GlobalSection(SolutionProperties) = preSolution
		HideSolutionNode = FALSE
	EndGlobalSection
	GlobalSection(ExtensibilityGlobals) = postSolution
		SolutionGuid = {F7856FE0-5D58-443E-B62E-000196E77DBA}
	EndGlobalSection
EndGlobal
